
Microsoft Visual Studio Solution File, Format Version 12.00
# Visual Studio Version 17
VisualStudioVersion = 17.7.34009.444
MinimumVisualStudioVersion = 10.0.40219.1
Project("{FAE04EC0-301F-11D3-BF4B-00C04F79EFBC}") = "FindMeMAUIApp", "FindMeMAUIApp.csproj", "{BB26FF51-E9FD-465E-8145-AD6FC0577D54}"
EndProject
Global
	GlobalSection(SolutionConfigurationPlatforms) = preSolution
		Debug|Any CPU = Debug|Any CPU
		Release|Any CPU = Release|Any CPU
	EndGlobalSection
	GlobalSection(ProjectConfigurationPlatforms) = postSolution
		{BB26FF51-E9FD-465E-8145-AD6FC0577D54}.Debug|Any CPU.ActiveCfg = Debug|Any CPU
		{BB26FF51-E9FD-465E-8145-AD6FC0577D54}.Debug|Any CPU.Build.0 = Debug|Any CPU
		{BB26FF51-E9FD-465E-8145-AD6FC0577D54}.Debug|Any CPU.Deploy.0 = Debug|Any CPU
		{BB26FF51-E9FD-465E-8145-AD6FC0577D54}.Release|Any CPU.ActiveCfg = Release|Any CPU
		{BB26FF51-E9FD-465E-8145-AD6FC0577D54}.Release|Any CPU.Build.0 = Release|Any CPU
		{BB26FF51-E9FD-465E-8145-AD6FC0577D54}.Release|Any CPU.Deploy.0 = Release|Any CPU
	EndGlobalSection
	GlobalSection(SolutionProperties) = preSolution
		HideSolutionNode = FALSE
	EndGlobalSection
	GlobalSection(ExtensibilityGlobals) = postSolution
		SolutionGuid = {2F1DCADF-7476-4637-8712-9B3D6849D30C}
	EndGlobalSection
EndGlobal
